
Microsoft Visual Studio Solution File, Format Version 12.00
# Visual Studio Version 16
VisualStudioVersion = 16.0.30104.148
MinimumVisualStudioVersion = 10.0.40219.1
Project("{9A19103F-16F7-4668-BE54-9A1E7A4F7556}") = "01. Cinema", "01. Cinema\01. Cinema.csproj", "{3203BBDF-5415-4941-938D-29EF1AF428F0}"
EndProject
Project("{9A19103F-16F7-4668-BE54-9A1E7A4F7556}") = "02. Summer Outfit", "02. Summer Outfit\02. Summer Outfit.csproj", "{86E8596F-BCD9-4A5C-824F-F1DD355C7171}"
EndProject
Project("{FAE04EC0-301F-11D3-BF4B-00C04F79EFBC}") = "03. New House", "03. New House\03. New House.csproj", "{64C6E71D-8877-4F37-9579-B01C430072AB}"
EndProject
Global
	GlobalSection(SolutionConfigurationPlatforms) = preSolution
		Debug|Any CPU = Debug|Any CPU
		Release|Any CPU = Release|Any CPU
	EndGlobalSection
	GlobalSection(ProjectConfigurationPlatforms) = postSolution
		{3203BBDF-5415-4941-938D-29EF1AF428F0}.Debug|Any CPU.ActiveCfg = Debug|Any CPU
		{3203BBDF-5415-4941-938D-29EF1AF428F0}.Debug|Any CPU.Build.0 = Debug|Any CPU
		{3203BBDF-5415-4941-938D-29EF1AF428F0}.Release|Any CPU.ActiveCfg = Release|Any CPU
		{3203BBDF-5415-4941-938D-29EF1AF428F0}.Release|Any CPU.Build.0 = Release|Any CPU
		{86E8596F-BCD9-4A5C-824F-F1DD355C7171}.Debug|Any CPU.ActiveCfg = Debug|Any CPU
		{86E8596F-BCD9-4A5C-824F-F1DD355C7171}.Debug|Any CPU.Build.0 = Debug|Any CPU
		{86E8596F-BCD9-4A5C-824F-F1DD355C7171}.Release|Any CPU.ActiveCfg = Release|Any CPU
		{86E8596F-BCD9-4A5C-824F-F1DD355C7171}.Release|Any CPU.Build.0 = Release|Any CPU
		{64C6E71D-8877-4F37-9579-B01C430072AB}.Debug|Any CPU.ActiveCfg = Debug|Any CPU
		{64C6E71D-8877-4F37-9579-B01C430072AB}.Debug|Any CPU.Build.0 = Debug|Any CPU
		{64C6E71D-8877-4F37-9579-B01C430072AB}.Release|Any CPU.ActiveCfg = Release|Any CPU
		{64C6E71D-8877-4F37-9579-B01C430072AB}.Release|Any CPU.Build.0 = Release|Any CPU
	EndGlobalSection
	GlobalSection(SolutionProperties) = preSolution
		HideSolutionNode = FALSE
	EndGlobalSection
	GlobalSection(ExtensibilityGlobals) = postSolution
		SolutionGuid = {602BBAEC-AF4E-47B4-9BAD-B3514C9DEC02}
	EndGlobalSection
EndGlobal
